
Microsoft Visual Studio Solution File, Format Version 12.00
# Visual Studio 15
VisualStudioVersion = 15.0.28010.2050
MinimumVisualStudioVersion = 10.0.40219.1
Project("{E24C65DC-7377-472B-9ABA-BC803B73C61A}") = "VerTab", "VerTab\", "{B80D8932-10EB-4978-8DBB-ABE38F872762}"
	ProjectSection(WebsiteProperties) = preProject
		TargetFrameworkMoniker = ".NETFramework,Version%3Dv4.6.1"
		Debug.AspNetCompiler.VirtualPath = "/localhost_51815"
		Debug.AspNetCompiler.PhysicalPath = "VerTab\"
		Debug.AspNetCompiler.TargetPath = "PrecompiledWeb\localhost_51815\"
		Debug.AspNetCompiler.Updateable = "true"
		Debug.AspNetCompiler.ForceOverwrite = "true"
		Debug.AspNetCompiler.FixedNames = "false"
		Debug.AspNetCompiler.Debug = "True"
		Release.AspNetCompiler.VirtualPath = "/localhost_51815"
		Release.AspNetCompiler.PhysicalPath = "VerTab\"
		Release.AspNetCompiler.TargetPath = "PrecompiledWeb\localhost_51815\"
		Release.AspNetCompiler.Updateable = "true"
		Release.AspNetCompiler.ForceOverwrite = "true"
		Release.AspNetCompiler.FixedNames = "false"
		Release.AspNetCompiler.Debug = "False"
		VWDPort = "51815"
		SlnRelativePath = "VerTab\"
		DefaultWebSiteLanguage = "Visual C#"
	EndProjectSection
EndProject
Global
	GlobalSection(SolutionConfigurationPlatforms) = preSolution
		Debug|Any CPU = Debug|Any CPU
	EndGlobalSection
	GlobalSection(ProjectConfigurationPlatforms) = postSolution
		{B80D8932-10EB-4978-8DBB-ABE38F872762}.Debug|Any CPU.ActiveCfg = Debug|Any CPU
		{B80D8932-10EB-4978-8DBB-ABE38F872762}.Debug|Any CPU.Build.0 = Debug|Any CPU
	EndGlobalSection
	GlobalSection(SolutionProperties) = preSolution
		HideSolutionNode = FALSE
	EndGlobalSection
	GlobalSection(ExtensibilityGlobals) = postSolution
		SolutionGuid = {06A3741B-207F-42AD-BFCE-EB7A8BD5EF55}
	EndGlobalSection
EndGlobal
